
Microsoft Visual Studio Solution File, Format Version 12.00
# Visual Studio Version 16
VisualStudioVersion = 25.0.1705.4
MinimumVisualStudioVersion = 10.0.40219.1
Project("{FAE04EC0-301F-11D3-BF4B-00C04F79EFBC}") = "CommandsService", "CommandsService.csproj", "{09D5C5C6-AA62-4B6F-9F6B-8B596AC43FE8}"
EndProject
Global
	GlobalSection(SolutionConfigurationPlatforms) = preSolution
		Debug|Any CPU = Debug|Any CPU
		Release|Any CPU = Release|Any CPU
	EndGlobalSection
	GlobalSection(ProjectConfigurationPlatforms) = postSolution
		{09D5C5C6-AA62-4B6F-9F6B-8B596AC43FE8}.Debug|Any CPU.ActiveCfg = Debug|Any CPU
		{09D5C5C6-AA62-4B6F-9F6B-8B596AC43FE8}.Debug|Any CPU.Build.0 = Debug|Any CPU
		{09D5C5C6-AA62-4B6F-9F6B-8B596AC43FE8}.Release|Any CPU.ActiveCfg = Release|Any CPU
		{09D5C5C6-AA62-4B6F-9F6B-8B596AC43FE8}.Release|Any CPU.Build.0 = Release|Any CPU
	EndGlobalSection
	GlobalSection(SolutionProperties) = preSolution
		HideSolutionNode = FALSE
	EndGlobalSection
	GlobalSection(ExtensibilityGlobals) = postSolution
		SolutionGuid = {3F7DCCA6-0852-4054-BB1A-0BC079F65073}
	EndGlobalSection
EndGlobal
